
Microsoft Visual Studio Solution File, Format Version 12.00
# Visual Studio Version 17
VisualStudioVersion = 17.8.34330.188
MinimumVisualStudioVersion = 10.0.40219.1
Project("{FAE04EC0-301F-11D3-BF4B-00C04F79EFBC}") = "Ödev2", "Ödev2\Ödev2.csproj", "{AC61DD33-45E0-4616-A854-0D091E584BEE}"
EndProject
Global
	GlobalSection(SolutionConfigurationPlatforms) = preSolution
		Debug|Any CPU = Debug|Any CPU
		Release|Any CPU = Release|Any CPU
	EndGlobalSection
	GlobalSection(ProjectConfigurationPlatforms) = postSolution
		{AC61DD33-45E0-4616-A854-0D091E584BEE}.Debug|Any CPU.ActiveCfg = Debug|Any CPU
		{AC61DD33-45E0-4616-A854-0D091E584BEE}.Debug|Any CPU.Build.0 = Debug|Any CPU
		{AC61DD33-45E0-4616-A854-0D091E584BEE}.Release|Any CPU.ActiveCfg = Release|Any CPU
		{AC61DD33-45E0-4616-A854-0D091E584BEE}.Release|Any CPU.Build.0 = Release|Any CPU
	EndGlobalSection
	GlobalSection(SolutionProperties) = preSolution
		HideSolutionNode = FALSE
	EndGlobalSection
	GlobalSection(ExtensibilityGlobals) = postSolution
		SolutionGuid = {F1DEF6C2-7FF3-4993-BB81-B5584A3CC41E}
	EndGlobalSection
EndGlobal
